github.com/IKarasev/gotest v1.0.0 h1:61KEdOXaaqE/7yrwKlPY6de2WpeHUAs+VfujMeHjK4o=
github.com/IKarasev/gotest v1.0.0/go.mod h1:9IIvZn83+1zi+47hL8m2fRK/tksRgZfKjgORePdF43Q=
github.com/IKarasev/gotest v1.1.0 h1:dyH+CMNEK/HWVGRO4bKRfT2GdUmC03IQel4j5MvYgGY=
github.com/IKarasev/gotest v1.1.0/go.mod h1:9IIvZn83+1zi+47hL8m2fRK/tksRgZfKjgORePdF43Q=
